
Microsoft Visual Studio Solution File, Format Version 12.00
# Visual Studio Version 16
VisualStudioVersion = 16.0.30523.141
MinimumVisualStudioVersion = 10.0.40219.1
Project("{9A19103F-16F7-4668-BE54-9A1E7A4F7556}") = "Tmds.MDns", "src\Tmds.MDns\Tmds.MDns.csproj", "{1ED09E51-F9A1-4F05-A41D-1B3E96BFEF2F}"
EndProject
Project("{FAE04EC0-301F-11D3-BF4B-00C04F79EFBC}") = "DiscoveryTest", "samples\DiscoveryTest\DiscoveryTest.csproj", "{892D951D-B8BB-4DAB-8FAB-2ABBF2D6436D}"
EndProject
Project("{9A19103F-16F7-4668-BE54-9A1E7A4F7556}") = "ServiceFinder", "samples\ServiceFinder\ServiceFinder.csproj", "{7FAB5F22-43A4-47EF-8786-3FF3A508C28C}"
EndProject
Global
	GlobalSection(SolutionConfigurationPlatforms) = preSolution
		Debug|Any CPU = Debug|Any CPU
		Release|Any CPU = Release|Any CPU
	EndGlobalSection
	GlobalSection(ProjectConfigurationPlatforms) = postSolution
		{1ED09E51-F9A1-4F05-A41D-1B3E96BFEF2F}.Debug|Any CPU.ActiveCfg = Debug|Any CPU
		{1ED09E51-F9A1-4F05-A41D-1B3E96BFEF2F}.Debug|Any CPU.Build.0 = Debug|Any CPU
		{1ED09E51-F9A1-4F05-A41D-1B3E96BFEF2F}.Release|Any CPU.ActiveCfg = Release|Any CPU
		{1ED09E51-F9A1-4F05-A41D-1B3E96BFEF2F}.Release|Any CPU.Build.0 = Release|Any CPU
		{892D951D-B8BB-4DAB-8FAB-2ABBF2D6436D}.Debug|Any CPU.ActiveCfg = Debug|Any CPU
		{892D951D-B8BB-4DAB-8FAB-2ABBF2D6436D}.Debug|Any CPU.Build.0 = Debug|Any CPU
		{892D951D-B8BB-4DAB-8FAB-2ABBF2D6436D}.Release|Any CPU.ActiveCfg = Release|Any CPU
		{892D951D-B8BB-4DAB-8FAB-2ABBF2D6436D}.Release|Any CPU.Build.0 = Release|Any CPU
		{7FAB5F22-43A4-47EF-8786-3FF3A508C28C}.Debug|Any CPU.ActiveCfg = Debug|Any CPU
		{7FAB5F22-43A4-47EF-8786-3FF3A508C28C}.Debug|Any CPU.Build.0 = Debug|Any CPU
		{7FAB5F22-43A4-47EF-8786-3FF3A508C28C}.Release|Any CPU.ActiveCfg = Release|Any CPU
		{7FAB5F22-43A4-47EF-8786-3FF3A508C28C}.Release|Any CPU.Build.0 = Release|Any CPU
	EndGlobalSection
	GlobalSection(SolutionProperties) = preSolution
		HideSolutionNode = FALSE
	EndGlobalSection
	GlobalSection(ExtensibilityGlobals) = postSolution
		SolutionGuid = {F207236D-FC33-4634-8355-3082D5226CE4}
	EndGlobalSection
EndGlobal
